
Microsoft Visual Studio Solution File, Format Version 12.00
# Visual Studio Version 16
VisualStudioVersion = 16.0.29503.13
MinimumVisualStudioVersion = 10.0.40219.1
Project("{FAE04EC0-301F-11D3-BF4B-00C04F79EFBC}") = "AngularCrudWithModal", "AngularCrudWithModal\AngularCrudWithModal.csproj", "{5ADFC65C-8F58-48EA-9B8E-FC31D8CDDD38}"
EndProject
Global
	GlobalSection(SolutionConfigurationPlatforms) = preSolution
		Debug|Any CPU = Debug|Any CPU
		Release|Any CPU = Release|Any CPU
	EndGlobalSection
	GlobalSection(ProjectConfigurationPlatforms) = postSolution
		{5ADFC65C-8F58-48EA-9B8E-FC31D8CDDD38}.Debug|Any CPU.ActiveCfg = Debug|Any CPU
		{5ADFC65C-8F58-48EA-9B8E-FC31D8CDDD38}.Debug|Any CPU.Build.0 = Debug|Any CPU
		{5ADFC65C-8F58-48EA-9B8E-FC31D8CDDD38}.Release|Any CPU.ActiveCfg = Release|Any CPU
		{5ADFC65C-8F58-48EA-9B8E-FC31D8CDDD38}.Release|Any CPU.Build.0 = Release|Any CPU
	EndGlobalSection
	GlobalSection(SolutionProperties) = preSolution
		HideSolutionNode = FALSE
	EndGlobalSection
	GlobalSection(ExtensibilityGlobals) = postSolution
		SolutionGuid = {22B0A184-B8F4-4A85-9F2A-4BE3C17EF8A7}
	EndGlobalSection
EndGlobal
